
Microsoft Visual Studio Solution File, Format Version 12.00
# Visual Studio Version 16
VisualStudioVersion = 16.0.31410.357
MinimumVisualStudioVersion = 10.0.40219.1
Project("{FAE04EC0-301F-11D3-BF4B-00C04F79EFBC}") = "PROG02_Tarea", "PROG02_Tarea\PROG02_Tarea.csproj", "{19B1A33E-E324-4220-9CA6-53554269B013}"
EndProject
Global
	GlobalSection(SolutionConfigurationPlatforms) = preSolution
		Debug|Any CPU = Debug|Any CPU
		Release|Any CPU = Release|Any CPU
	EndGlobalSection
	GlobalSection(ProjectConfigurationPlatforms) = postSolution
		{19B1A33E-E324-4220-9CA6-53554269B013}.Debug|Any CPU.ActiveCfg = Debug|Any CPU
		{19B1A33E-E324-4220-9CA6-53554269B013}.Debug|Any CPU.Build.0 = Debug|Any CPU
		{19B1A33E-E324-4220-9CA6-53554269B013}.Release|Any CPU.ActiveCfg = Release|Any CPU
		{19B1A33E-E324-4220-9CA6-53554269B013}.Release|Any CPU.Build.0 = Release|Any CPU
	EndGlobalSection
	GlobalSection(SolutionProperties) = preSolution
		HideSolutionNode = FALSE
	EndGlobalSection
	GlobalSection(ExtensibilityGlobals) = postSolution
		SolutionGuid = {8BF60DC0-51CE-45BA-9F36-52D4D8CDEF16}
	EndGlobalSection
EndGlobal
