
Microsoft Visual Studio Solution File, Format Version 12.00
# Visual Studio Version 16
VisualStudioVersion = 16.0.31410.357
MinimumVisualStudioVersion = 10.0.40219.1
Project("{FAE04EC0-301F-11D3-BF4B-00C04F79EFBC}") = "Metodos", "Metodos\Metodos.csproj", "{1D146D4E-A257-4506-8032-B9BF5E09C165}"
EndProject
Global
	GlobalSection(SolutionConfigurationPlatforms) = preSolution
		Debug|Any CPU = Debug|Any CPU
		Release|Any CPU = Release|Any CPU
	EndGlobalSection
	GlobalSection(ProjectConfigurationPlatforms) = postSolution
		{1D146D4E-A257-4506-8032-B9BF5E09C165}.Debug|Any CPU.ActiveCfg = Debug|Any CPU
		{1D146D4E-A257-4506-8032-B9BF5E09C165}.Debug|Any CPU.Build.0 = Debug|Any CPU
		{1D146D4E-A257-4506-8032-B9BF5E09C165}.Release|Any CPU.ActiveCfg = Release|Any CPU
		{1D146D4E-A257-4506-8032-B9BF5E09C165}.Release|Any CPU.Build.0 = Release|Any CPU
	EndGlobalSection
	GlobalSection(SolutionProperties) = preSolution
		HideSolutionNode = FALSE
	EndGlobalSection
	GlobalSection(ExtensibilityGlobals) = postSolution
		SolutionGuid = {275DDA89-BC9E-48BE-AACF-59C07E38219D}
	EndGlobalSection
EndGlobal
